Microsoft Visual Studio Solution File, Format Version 11.00
# Visual Studio 2008

Project("{1BF70775-B058-4DE3-F39D-9A37F951A74C}") = "CoherentSciFighters", "Assembly-CSharp-firstpass.csproj", "{7631D273-E977-5D57-A48E-E418206E547D}"
EndProject
Project("{1BF70775-B058-4DE3-F39D-9A37F951A74C}") = "CoherentSciFighters", "Assembly-CSharp.csproj", "{56052A1C-11BA-62A8-2B42-26769594628B}"
EndProject
Project("{1BF70775-B058-4DE3-F39D-9A37F951A74C}") = "CoherentSciFighters", "Assembly-UnityScript-firstpass.unityproj", "{1D3D08D4-0221-1E3D-3194-CA38AB4C3958}"
EndProject
Project("{1BF70775-B058-4DE3-F39D-9A37F951A74C}") = "CoherentSciFighters", "Assembly-UnityScript.unityproj", "{D1B7CAAE-2597-601D-577A-1848D414F9E3}"
EndProject
Project("{1BF70775-B058-4DE3-F39D-9A37F951A74C}") = "CoherentSciFighters", "Assembly-UnityScript-Editor.unityproj", "{7E47D4C0-2D37-FF1F-DFA1-958496C26686}"
EndProject
Global
	GlobalSection(SolutionConfigurationPlatforms) = preSolution
		Debug|Any CPU = Debug|Any CPU
		Release|Any CPU = Release|Any CPU
	EndGlobalSection
	GlobalSection(ProjectConfigurationPlatforms) = postSolution
		{7631D273-E977-5D57-A48E-E418206E547D}.Debug|Any CPU.ActiveCfg = Debug|Any CPU
		{7631D273-E977-5D57-A48E-E418206E547D}.Debug|Any CPU.Build.0 = Debug|Any CPU
		{7631D273-E977-5D57-A48E-E418206E547D}.Release|Any CPU.ActiveCfg = Release|Any CPU
		{7631D273-E977-5D57-A48E-E418206E547D}.Release|Any CPU.Build.0 = Release|Any CPU
		{56052A1C-11BA-62A8-2B42-26769594628B}.Debug|Any CPU.ActiveCfg = Debug|Any CPU
		{56052A1C-11BA-62A8-2B42-26769594628B}.Debug|Any CPU.Build.0 = Debug|Any CPU
		{56052A1C-11BA-62A8-2B42-26769594628B}.Release|Any CPU.ActiveCfg = Release|Any CPU
		{56052A1C-11BA-62A8-2B42-26769594628B}.Release|Any CPU.Build.0 = Release|Any CPU
		{1D3D08D4-0221-1E3D-3194-CA38AB4C3958}.Debug|Any CPU.ActiveCfg = Debug|Any CPU
		{1D3D08D4-0221-1E3D-3194-CA38AB4C3958}.Debug|Any CPU.Build.0 = Debug|Any CPU
		{1D3D08D4-0221-1E3D-3194-CA38AB4C3958}.Release|Any CPU.ActiveCfg = Release|Any CPU
		{1D3D08D4-0221-1E3D-3194-CA38AB4C3958}.Release|Any CPU.Build.0 = Release|Any CPU
		{D1B7CAAE-2597-601D-577A-1848D414F9E3}.Debug|Any CPU.ActiveCfg = Debug|Any CPU
		{D1B7CAAE-2597-601D-577A-1848D414F9E3}.Debug|Any CPU.Build.0 = Debug|Any CPU
		{D1B7CAAE-2597-601D-577A-1848D414F9E3}.Release|Any CPU.ActiveCfg = Release|Any CPU
		{D1B7CAAE-2597-601D-577A-1848D414F9E3}.Release|Any CPU.Build.0 = Release|Any CPU
		{7E47D4C0-2D37-FF1F-DFA1-958496C26686}.Debug|Any CPU.ActiveCfg = Debug|Any CPU
		{7E47D4C0-2D37-FF1F-DFA1-958496C26686}.Debug|Any CPU.Build.0 = Debug|Any CPU
		{7E47D4C0-2D37-FF1F-DFA1-958496C26686}.Release|Any CPU.ActiveCfg = Release|Any CPU
		{7E47D4C0-2D37-FF1F-DFA1-958496C26686}.Release|Any CPU.Build.0 = Release|Any CPU
	EndGlobalSection
	GlobalSection(SolutionProperties) = preSolution
		HideSolutionNode = FALSE
	EndGlobalSection
		GlobalSection(MonoDevelopProperties) = preSolution
		StartupItem = Assembly-CSharp.csproj
		Policies = $0
		$0.TextStylePolicy = $1
		$1.inheritsSet = null
		$1.scope = text/x-csharp
		$0.CSharpFormattingPolicy = $2
		$2.inheritsSet = Mono
		$2.inheritsScope = text/x-csharp
		$2.scope = text/x-csharp
		$0.TextStylePolicy = $3
		$3.FileWidth = 120
		$3.TabWidth = 4
		$3.EolMarker = Unix
		$3.inheritsSet = Mono
		$3.inheritsScope = text/plain
		$3.scope = text/plain
	EndGlobalSection

EndGlobal
