Microsoft Visual Studio Solution File, Format Version 11.00
# Visual Studio 2008

Project("{90122B52-3F8B-D9FC-D005-54107490D1FB}") = "SciFighters", "Assembly-CSharp-firstpass.csproj", "{F0D38D64-7031-54DE-69F6-22EE0E48F89A}"
EndProject
Project("{90122B52-3F8B-D9FC-D005-54107490D1FB}") = "SciFighters", "Assembly-CSharp.csproj", "{7F8B3AE7-50F8-AB1C-90D4-5F41C615B92A}"
EndProject
Project("{90122B52-3F8B-D9FC-D005-54107490D1FB}") = "SciFighters", "Assembly-UnityScript-firstpass.unityproj", "{D5106FF7-F811-3AAA-C262-1D9A63A6A1E7}"
EndProject
Project("{90122B52-3F8B-D9FC-D005-54107490D1FB}") = "SciFighters", "Assembly-UnityScript.unityproj", "{AB3F87E4-ED19-A4E9-B60E-8A6C5D7B9A0B}"
EndProject
Project("{90122B52-3F8B-D9FC-D005-54107490D1FB}") = "SciFighters", "Assembly-UnityScript-Editor.unityproj", "{FDC32198-B7EB-F745-4C7D-99EC7693A4F4}"
EndProject
Global
	GlobalSection(SolutionConfigurationPlatforms) = preSolution
		Debug|Any CPU = Debug|Any CPU
		Release|Any CPU = Release|Any CPU
	EndGlobalSection
	GlobalSection(ProjectConfigurationPlatforms) = postSolution
		{F0D38D64-7031-54DE-69F6-22EE0E48F89A}.Debug|Any CPU.ActiveCfg = Debug|Any CPU
		{F0D38D64-7031-54DE-69F6-22EE0E48F89A}.Debug|Any CPU.Build.0 = Debug|Any CPU
		{F0D38D64-7031-54DE-69F6-22EE0E48F89A}.Release|Any CPU.ActiveCfg = Release|Any CPU
		{F0D38D64-7031-54DE-69F6-22EE0E48F89A}.Release|Any CPU.Build.0 = Release|Any CPU
		{7F8B3AE7-50F8-AB1C-90D4-5F41C615B92A}.Debug|Any CPU.ActiveCfg = Debug|Any CPU
		{7F8B3AE7-50F8-AB1C-90D4-5F41C615B92A}.Debug|Any CPU.Build.0 = Debug|Any CPU
		{7F8B3AE7-50F8-AB1C-90D4-5F41C615B92A}.Release|Any CPU.ActiveCfg = Release|Any CPU
		{7F8B3AE7-50F8-AB1C-90D4-5F41C615B92A}.Release|Any CPU.Build.0 = Release|Any CPU
		{D5106FF7-F811-3AAA-C262-1D9A63A6A1E7}.Debug|Any CPU.ActiveCfg = Debug|Any CPU
		{D5106FF7-F811-3AAA-C262-1D9A63A6A1E7}.Debug|Any CPU.Build.0 = Debug|Any CPU
		{D5106FF7-F811-3AAA-C262-1D9A63A6A1E7}.Release|Any CPU.ActiveCfg = Release|Any CPU
		{D5106FF7-F811-3AAA-C262-1D9A63A6A1E7}.Release|Any CPU.Build.0 = Release|Any CPU
		{AB3F87E4-ED19-A4E9-B60E-8A6C5D7B9A0B}.Debug|Any CPU.ActiveCfg = Debug|Any CPU
		{AB3F87E4-ED19-A4E9-B60E-8A6C5D7B9A0B}.Debug|Any CPU.Build.0 = Debug|Any CPU
		{AB3F87E4-ED19-A4E9-B60E-8A6C5D7B9A0B}.Release|Any CPU.ActiveCfg = Release|Any CPU
		{AB3F87E4-ED19-A4E9-B60E-8A6C5D7B9A0B}.Release|Any CPU.Build.0 = Release|Any CPU
		{FDC32198-B7EB-F745-4C7D-99EC7693A4F4}.Debug|Any CPU.ActiveCfg = Debug|Any CPU
		{FDC32198-B7EB-F745-4C7D-99EC7693A4F4}.Debug|Any CPU.Build.0 = Debug|Any CPU
		{FDC32198-B7EB-F745-4C7D-99EC7693A4F4}.Release|Any CPU.ActiveCfg = Release|Any CPU
		{FDC32198-B7EB-F745-4C7D-99EC7693A4F4}.Release|Any CPU.Build.0 = Release|Any CPU
	EndGlobalSection
	GlobalSection(SolutionProperties) = preSolution
		HideSolutionNode = FALSE
	EndGlobalSection
						GlobalSection(MonoDevelopProperties) = preSolution
		StartupItem = Assembly-CSharp.csproj
		Policies = $0
		$0.TextStylePolicy = $1
		$1.inheritsSet = null
		$1.scope = text/x-csharp
		$0.CSharpFormattingPolicy = $2
		$2.inheritsSet = Mono
		$2.inheritsScope = text/x-csharp
		$2.scope = text/x-csharp
		$0.TextStylePolicy = $3
		$3.FileWidth = 120
		$3.TabWidth = 4
		$3.EolMarker = Unix
		$3.inheritsSet = Mono
		$3.inheritsScope = text/plain
		$3.scope = text/plain
	EndGlobalSection

EndGlobal
